// !$*UTF8*$!
{
	archiveVersion = 1;
	classes = {
	};
	objectVersion = 50;
	objects = {

/* Begin PBXBuildFile section */
		373D80D220BBF2AB00F99065 /* TestApiquery.swift in Sources */ = {isa = PBXBuildFile; fileRef = 373D80D120BBF2AB00F99065 /* TestApiquery.swift */; };
		3761ECFE20AD98CA009F86C9 /* AppDelegate.swift in Sources */ = {isa = PBXBuildFile; fileRef = 3761ECFD20AD98CA009F86C9 /* AppDelegate.swift */; };
		3761ED0320AD98CA009F86C9 /* Main.storyboard in Resources */ = {isa = PBXBuildFile; fileRef = 3761ED0120AD98CA009F86C9 /* Main.storyboard */; };
		3761ED0820AD98CB009F86C9 /* LaunchScreen.storyboard in Resources */ = {isa = PBXBuildFile; fileRef = 3761ED0620AD98CB009F86C9 /* LaunchScreen.storyboard */; };
		3761ED2220ADC61B009F86C9 /* Assets.xcassets in Resources */ = {isa = PBXBuildFile; fileRef = 3761ED2120ADC61B009F86C9 /* Assets.xcassets */; };
		376503D920AEBAF3006B869B /* The Blacklist.ttf in Resources */ = {isa = PBXBuildFile; fileRef = 376503D720AEBAF3006B869B /* The Blacklist.ttf */; };
		376503DC20AEBC89006B869B /* Timeless.ttf in Resources */ = {isa = PBXBuildFile; fileRef = 376503DB20AEBC88006B869B /* Timeless.ttf */; };
		376503E020AEC7BE006B869B /* Timeless-Bold.ttf in Resources */ = {isa = PBXBuildFile; fileRef = 376503DF20AEC7BE006B869B /* Timeless-Bold.ttf */; };
		376503E220AEFE03006B869B /* WeatherViewController.swift in Sources */ = {isa = PBXBuildFile; fileRef = 376503E120AEFE03006B869B /* WeatherViewController.swift */; };
		376503E420AEFE10006B869B /* ChangeViewController.swift in Sources */ = {isa = PBXBuildFile; fileRef = 376503E320AEFE10006B869B /* ChangeViewController.swift */; };
		376503E620AEFE1A006B869B /* TranslateViewController.swift in Sources */ = {isa = PBXBuildFile; fileRef = 376503E520AEFE1A006B869B /* TranslateViewController.swift */; };
		376503E820AF0C08006B869B /* Weather.swift in Sources */ = {isa = PBXBuildFile; fileRef = 376503E720AF0C08006B869B /* Weather.swift */; };
		376503EA20AF0C2E006B869B /* ApiQuery.swift in Sources */ = {isa = PBXBuildFile; fileRef = 376503E920AF0C2E006B869B /* ApiQuery.swift */; };
/* End PBXBuildFile section */

/* Begin PBXContainerItemProxy section */
		3761ED0F20AD98CB009F86C9 /* PBXContainerItemProxy */ = {
			isa = PBXContainerItemProxy;
			containerPortal = 3761ECF220AD98CA009F86C9 /* Project object */;
			proxyType = 1;
			remoteGlobalIDString = 3761ECF920AD98CA009F86C9;
			remoteInfo = "Le Baluchon";
		};
/* End PBXContainerItemProxy section */

/* Begin PBXFileReference section */
		373D80D120BBF2AB00F99065 /* TestApiquery.swift */ = {isa = PBXFileReference; lastKnownFileType = sourcecode.swift; path = TestApiquery.swift; sourceTree = "<group>"; };
		3761ECFA20AD98CA009F86C9 /* Le Baluchon.app */ = {isa = PBXFileReference; explicitFileType = wrapper.application; includeInIndex = 0; path = "Le Baluchon.app"; sourceTree = BUILT_PRODUCTS_DIR; };
		3761ECFD20AD98CA009F86C9 /* AppDelegate.swift */ = {isa = PBXFileReference; lastKnownFileType = sourcecode.swift; path = AppDelegate.swift; sourceTree = "<group>"; };
		3761ED0220AD98CA009F86C9 /* Base */ = {isa = PBXFileReference; lastKnownFileType = file.storyboard; name = Base; path = Base.lproj/Main.storyboard; sourceTree = "<group>"; };
		3761ED0720AD98CB009F86C9 /* Base */ = {isa = PBXFileReference; lastKnownFileType = file.storyboard; name = Base; path = Base.lproj/LaunchScreen.storyboard; sourceTree = "<group>"; };
		3761ED0920AD98CB009F86C9 /* Info.plist */ = {isa = PBXFileReference; lastKnownFileType = text.plist.xml; path = Info.plist; sourceTree = "<group>"; };
		3761ED0E20AD98CB009F86C9 /* Le BaluchonTests.xctest */ = {isa = PBXFileReference; explicitFileType = wrapper.cfbundle; includeInIndex = 0; path = "Le BaluchonTests.xctest"; sourceTree = BUILT_PRODUCTS_DIR; };
		3761ED1420AD98CB009F86C9 /* Info.plist */ = {isa = PBXFileReference; lastKnownFileType = text.plist.xml; path = Info.plist; sourceTree = "<group>"; };
		3761ED2120ADC61B009F86C9 /* Assets.xcassets */ = {isa = PBXFileReference; lastKnownFileType = folder.assetcatalog; path = Assets.xcassets; sourceTree = "<group>"; };
		376503D720AEBAF3006B869B /* The Blacklist.ttf */ = {isa = PBXFileReference; lastKnownFileType = file; path = "The Blacklist.ttf"; sourceTree = "<group>"; };
		376503DB20AEBC88006B869B /* Timeless.ttf */ = {isa = PBXFileReference; lastKnownFileType = file; path = Timeless.ttf; sourceTree = "<group>"; };
		376503DF20AEC7BE006B869B /* Timeless-Bold.ttf */ = {isa = PBXFileReference; lastKnownFileType = file; path = "Timeless-Bold.ttf"; sourceTree = "<group>"; };
		376503E120AEFE03006B869B /* WeatherViewController.swift */ = {isa = PBXFileReference; lastKnownFileType = sourcecode.swift; path = WeatherViewController.swift; sourceTree = "<group>"; };
		376503E320AEFE10006B869B /* ChangeViewController.swift */ = {isa = PBXFileReference; lastKnownFileType = sourcecode.swift; path = ChangeViewController.swift; sourceTree = "<group>"; };
		376503E520AEFE1A006B869B /* TranslateViewController.swift */ = {isa = PBXFileReference; lastKnownFileType = sourcecode.swift; path = TranslateViewController.swift; sourceTree = "<group>"; };
		376503E720AF0C08006B869B /* Weather.swift */ = {isa = PBXFileReference; lastKnownFileType = sourcecode.swift; path = Weather.swift; sourceTree = "<group>"; };
		376503E920AF0C2E006B869B /* ApiQuery.swift */ = {isa = PBXFileReference; lastKnownFileType = sourcecode.swift; path = ApiQuery.swift; sourceTree = "<group>"; };
/* End PBXFileReference section */

/* Begin PBXFrameworksBuildPhase section */
		3761ECF720AD98CA009F86C9 /* Frameworks */ = {
			isa = PBXFrameworksBuildPhase;
			buildActionMask = 2147483647;
			files = (
			);
			runOnlyForDeploymentPostprocessing = 0;
		};
		3761ED0B20AD98CB009F86C9 /* Frameworks */ = {
			isa = PBXFrameworksBuildPhase;
			buildActionMask = 2147483647;
			files = (
			);
			runOnlyForDeploymentPostprocessing = 0;
		};
/* End PBXFrameworksBuildPhase section */

/* Begin PBXGroup section */
		3761ECF120AD98CA009F86C9 = {
			isa = PBXGroup;
			children = (
				3761ECFC20AD98CA009F86C9 /* Le Baluchon */,
				3761ED1120AD98CB009F86C9 /* Le BaluchonTests */,
				3761ECFB20AD98CA009F86C9 /* Products */,
			);
			sourceTree = "<group>";
		};
		3761ECFB20AD98CA009F86C9 /* Products */ = {
			isa = PBXGroup;
			children = (
				3761ECFA20AD98CA009F86C9 /* Le Baluchon.app */,
				3761ED0E20AD98CB009F86C9 /* Le BaluchonTests.xctest */,
			);
			name = Products;
			sourceTree = "<group>";
		};
		3761ECFC20AD98CA009F86C9 /* Le Baluchon */ = {
			isa = PBXGroup;
			children = (
				3761ED2020AD9995009F86C9 /* Others */,
				3761ED1D20AD996E009F86C9 /* View */,
				3761ED1F20AD9981009F86C9 /* ViewController */,
				3761ED1E20AD9977009F86C9 /* Model */,
				3761ED0920AD98CB009F86C9 /* Info.plist */,
			);
			path = "Le Baluchon";
			sourceTree = "<group>";
		};
		3761ED1120AD98CB009F86C9 /* Le BaluchonTests */ = {
			isa = PBXGroup;
			children = (
				373D80D120BBF2AB00F99065 /* TestApiquery.swift */,
				3761ED1420AD98CB009F86C9 /* Info.plist */,
			);
			path = "Le BaluchonTests";
			sourceTree = "<group>";
		};
		3761ED1D20AD996E009F86C9 /* View */ = {
			isa = PBXGroup;
			children = (
				3761ED0120AD98CA009F86C9 /* Main.storyboard */,
			);
			path = View;
			sourceTree = "<group>";
		};
		3761ED1E20AD9977009F86C9 /* Model */ = {
			isa = PBXGroup;
			children = (
				376503E720AF0C08006B869B /* Weather.swift */,
				376503E920AF0C2E006B869B /* ApiQuery.swift */,
			);
			path = Model;
			sourceTree = "<group>";
		};
		3761ED1F20AD9981009F86C9 /* ViewController */ = {
			isa = PBXGroup;
			children = (
				376503E120AEFE03006B869B /* WeatherViewController.swift */,
				376503E320AEFE10006B869B /* ChangeViewController.swift */,
				376503E520AEFE1A006B869B /* TranslateViewController.swift */,
			);
			path = ViewController;
			sourceTree = "<group>";
		};
		3761ED2020AD9995009F86C9 /* Others */ = {
			isa = PBXGroup;
			children = (
				376503DB20AEBC88006B869B /* Timeless.ttf */,
				376503D720AEBAF3006B869B /* The Blacklist.ttf */,
				376503DF20AEC7BE006B869B /* Timeless-Bold.ttf */,
				3761ECFD20AD98CA009F86C9 /* AppDelegate.swift */,
				3761ED2120ADC61B009F86C9 /* Assets.xcassets */,
				3761ED0620AD98CB009F86C9 /* LaunchScreen.storyboard */,
			);
			path = Others;
			sourceTree = "<group>";
		};
/* End PBXGroup section */

/* Begin PBXNativeTarget section */
		3761ECF920AD98CA009F86C9 /* Le Baluchon */ = {
			isa = PBXNativeTarget;
			buildConfigurationList = 3761ED1720AD98CB009F86C9 /* Build configuration list for PBXNativeTarget "Le Baluchon" */;
			buildPhases = (
				3761ECF620AD98CA009F86C9 /* Sources */,
				3761ECF720AD98CA009F86C9 /* Frameworks */,
				3761ECF820AD98CA009F86C9 /* Resources */,
			);
			buildRules = (
			);
			dependencies = (
			);
			name = "Le Baluchon";
			productName = "Le Baluchon";
			productReference = 3761ECFA20AD98CA009F86C9 /* Le Baluchon.app */;
			productType = "com.apple.product-type.application";
		};
		3761ED0D20AD98CB009F86C9 /* Le BaluchonTests */ = {
			isa = PBXNativeTarget;
			buildConfigurationList = 3761ED1A20AD98CB009F86C9 /* Build configuration list for PBXNativeTarget "Le BaluchonTests" */;
			buildPhases = (
				3761ED0A20AD98CB009F86C9 /* Sources */,
				3761ED0B20AD98CB009F86C9 /* Frameworks */,
				3761ED0C20AD98CB009F86C9 /* Resources */,
			);
			buildRules = (
			);
			dependencies = (
				3761ED1020AD98CB009F86C9 /* PBXTargetDependency */,
			);
			name = "Le BaluchonTests";
			productName = "Le BaluchonTests";
			productReference = 3761ED0E20AD98CB009F86C9 /* Le BaluchonTests.xctest */;
			productType = "com.apple.product-type.bundle.unit-test";
		};
/* End PBXNativeTarget section */

/* Begin PBXProject section */
		3761ECF220AD98CA009F86C9 /* Project object */ = {
			isa = PBXProject;
			attributes = {
				LastSwiftUpdateCheck = 0930;
				LastUpgradeCheck = 0930;
				ORGANIZATIONNAME = Nicolas;
				TargetAttributes = {
					3761ECF920AD98CA009F86C9 = {
						CreatedOnToolsVersion = 9.3;
					};
					3761ED0D20AD98CB009F86C9 = {
						CreatedOnToolsVersion = 9.3;
						LastSwiftMigration = 0930;
						TestTargetID = 3761ECF920AD98CA009F86C9;
					};
				};
			};
			buildConfigurationList = 3761ECF520AD98CA009F86C9 /* Build configuration list for PBXProject "Le Baluchon" */;
			compatibilityVersion = "Xcode 9.3";
			developmentRegion = en;
			hasScannedForEncodings = 0;
			knownRegions = (
				en,
				Base,
			);
			mainGroup = 3761ECF120AD98CA009F86C9;
			productRefGroup = 3761ECFB20AD98CA009F86C9 /* Products */;
			projectDirPath = "";
			projectRoot = "";
			targets = (
				3761ECF920AD98CA009F86C9 /* Le Baluchon */,
				3761ED0D20AD98CB009F86C9 /* Le BaluchonTests */,
			);
		};
/* End PBXProject section */

/* Begin PBXResourcesBuildPhase section */
		3761ECF820AD98CA009F86C9 /* Resources */ = {
			isa = PBXResourcesBuildPhase;
			buildActionMask = 2147483647;
			files = (
				3761ED0820AD98CB009F86C9 /* LaunchScreen.storyboard in Resources */,
				376503E020AEC7BE006B869B /* Timeless-Bold.ttf in Resources */,
				3761ED2220ADC61B009F86C9 /* Assets.xcassets in Resources */,
				3761ED0320AD98CA009F86C9 /* Main.storyboard in Resources */,
				376503DC20AEBC89006B869B /* Timeless.ttf in Resources */,
				376503D920AEBAF3006B869B /* The Blacklist.ttf in Resources */,
			);
			runOnlyForDeploymentPostprocessing = 0;
		};
		3761ED0C20AD98CB009F86C9 /* Resources */ = {
			isa = PBXResourcesBuildPhase;
			buildActionMask = 2147483647;
			files = (
			);
			runOnlyForDeploymentPostprocessing = 0;
		};
/* End PBXResourcesBuildPhase section */

/* Begin PBXSourcesBuildPhase section */
		3761ECF620AD98CA009F86C9 /* Sources */ = {
			isa = PBXSourcesBuildPhase;
			buildActionMask = 2147483647;
			files = (
				376503E820AF0C08006B869B /* Weather.swift in Sources */,
				376503E620AEFE1A006B869B /* TranslateViewController.swift in Sources */,
				376503E220AEFE03006B869B /* WeatherViewController.swift in Sources */,
				376503EA20AF0C2E006B869B /* ApiQuery.swift in Sources */,
				376503E420AEFE10006B869B /* ChangeViewController.swift in Sources */,
				3761ECFE20AD98CA009F86C9 /* AppDelegate.swift in Sources */,
			);
			runOnlyForDeploymentPostprocessing = 0;
		};
		3761ED0A20AD98CB009F86C9 /* Sources */ = {
			isa = PBXSourcesBuildPhase;
			buildActionMask = 2147483647;
			files = (
				373D80D220BBF2AB00F99065 /* TestApiquery.swift in Sources */,
			);
			runOnlyForDeploymentPostprocessing = 0;
		};
/* End PBXSourcesBuildPhase section */

/* Begin PBXTargetDependency section */
		3761ED1020AD98CB009F86C9 /* PBXTargetDependency */ = {
			isa = PBXTargetDependency;
			target = 3761ECF920AD98CA009F86C9 /* Le Baluchon */;
			targetProxy = 3761ED0F20AD98CB009F86C9 /* PBXContainerItemProxy */;
		};
/* End PBXTargetDependency section */

/* Begin PBXVariantGroup section */
		3761ED0120AD98CA009F86C9 /* Main.storyboard */ = {
			isa = PBXVariantGroup;
			children = (
				3761ED0220AD98CA009F86C9 /* Base */,
			);
			name = Main.storyboard;
			sourceTree = "<group>";
		};
		3761ED0620AD98CB009F86C9 /* LaunchScreen.storyboard */ = {
			isa = PBXVariantGroup;
			children = (
				3761ED0720AD98CB009F86C9 /* Base */,
			);
			name = LaunchScreen.storyboard;
			sourceTree = "<group>";
		};
/* End PBXVariantGroup section */

/* Begin XCBuildConfiguration section */
		3761ED1520AD98CB009F86C9 /* Debug */ = {
			isa = XCBuildConfiguration;
			buildSettings = {
				ALWAYS_SEARCH_USER_PATHS = NO;
				CLANG_ANALYZER_NONNULL = YES;
				CLANG_ANALYZER_NUMBER_OBJECT_CONVERSION = YES_AGGRESSIVE;
				CLANG_CXX_LANGUAGE_STANDARD = "gnu++14";
				CLANG_CXX_LIBRARY = "libc++";
				CLANG_ENABLE_MODULES = YES;
				CLANG_ENABLE_OBJC_ARC = YES;
				CLANG_ENABLE_OBJC_WEAK = YES;
				CLANG_WARN_BLOCK_CAPTURE_AUTORELEASING = YES;
				CLANG_WARN_BOOL_CONVERSION = YES;
				CLANG_WARN_COMMA = YES;
				CLANG_WARN_CONSTANT_CONVERSION = YES;
				CLANG_WARN_DEPRECATED_OBJC_IMPLEMENTATIONS = YES;
				CLANG_WARN_DIRECT_OBJC_ISA_USAGE = YES_ERROR;
				CLANG_WARN_DOCUMENTATION_COMMENTS = YES;
				CLANG_WARN_EMPTY_BODY = YES;
				CLANG_WARN_ENUM_CONVERSION = YES;
				CLANG_WARN_INFINITE_RECURSION = YES;
				CLANG_WARN_INT_CONVERSION = YES;
				CLANG_WARN_NON_LITERAL_NULL_CONVERSION = YES;
				CLANG_WARN_OBJC_IMPLICIT_RETAIN_SELF = YES;
				CLANG_WARN_OBJC_LITERAL_CONVERSION = YES;
				CLANG_WARN_OBJC_ROOT_CLASS = YES_ERROR;
				CLANG_WARN_RANGE_LOOP_ANALYSIS = YES;
				CLANG_WARN_STRICT_PROTOTYPES = YES;
				CLANG_WARN_SUSPICIOUS_MOVE = YES;
				CLANG_WARN_UNGUARDED_AVAILABILITY = YES_AGGRESSIVE;
				CLANG_WARN_UNREACHABLE_CODE = YES;
				CLANG_WARN__DUPLICATE_METHOD_MATCH = YES;
				CODE_SIGN_IDENTITY = "iPhone Developer";
				COPY_PHASE_STRIP = NO;
				DEBUG_INFORMATION_FORMAT = dwarf;
				ENABLE_STRICT_OBJC_MSGSEND = YES;
				ENABLE_TESTABILITY = YES;
				GCC_C_LANGUAGE_STANDARD = gnu11;
				GCC_DYNAMIC_NO_PIC = NO;
				GCC_NO_COMMON_BLOCKS = YES;
				GCC_OPTIMIZATION_LEVEL = 0;
				GCC_PREPROCESSOR_DEFINITIONS = (
					"DEBUG=1",
					"$(inherited)",
				);
				GCC_WARN_64_TO_32_BIT_CONVERSION = YES;
				GCC_WARN_ABOUT_RETURN_TYPE = YES_ERROR;
				GCC_WARN_UNDECLARED_SELECTOR = YES;
				GCC_WARN_UNINITIALIZED_AUTOS = YES_AGGRESSIVE;
				GCC_WARN_UNUSED_FUNCTION = YES;
				GCC_WARN_UNUSED_VARIABLE = YES;
				IPHONEOS_DEPLOYMENT_TARGET = 11.3;
				MTL_ENABLE_DEBUG_INFO = YES;
				ONLY_ACTIVE_ARCH = YES;
				SDKROOT = iphoneos;
				SWIFT_ACTIVE_COMPILATION_CONDITIONS = DEBUG;
				SWIFT_OPTIMIZATION_LEVEL = "-Onone";
			};
			name = Debug;
		};
		3761ED1620AD98CB009F86C9 /* Release */ = {
			isa = XCBuildConfiguration;
			buildSettings = {
				ALWAYS_SEARCH_USER_PATHS = NO;
				CLANG_ANALYZER_NONNULL = YES;
				CLANG_ANALYZER_NUMBER_OBJECT_CONVERSION = YES_AGGRESSIVE;
				CLANG_CXX_LANGUAGE_STANDARD = "gnu++14";
				CLANG_CXX_LIBRARY = "libc++";
				CLANG_ENABLE_MODULES = YES;
				CLANG_ENABLE_OBJC_ARC = YES;
				CLANG_ENABLE_OBJC_WEAK = YES;
				CLANG_WARN_BLOCK_CAPTURE_AUTORELEASING = YES;
				CLANG_WARN_BOOL_CONVERSION = YES;
				CLANG_WARN_COMMA = YES;
				CLANG_WARN_CONSTANT_CONVERSION = YES;
				CLANG_WARN_DEPRECATED_OBJC_IMPLEMENTATIONS = YES;
				CLANG_WARN_DIRECT_OBJC_ISA_USAGE = YES_ERROR;
				CLANG_WARN_DOCUMENTATION_COMMENTS = YES;
				CLANG_WARN_EMPTY_BODY = YES;
				CLANG_WARN_ENUM_CONVERSION = YES;
				CLANG_WARN_INFINITE_RECURSION = YES;
				CLANG_WARN_INT_CONVERSION = YES;
				CLANG_WARN_NON_LITERAL_NULL_CONVERSION = YES;
				CLANG_WARN_OBJC_IMPLICIT_RETAIN_SELF = YES;
				CLANG_WARN_OBJC_LITERAL_CONVERSION = YES;
				CLANG_WARN_OBJC_ROOT_CLASS = YES_ERROR;
				CLANG_WARN_RANGE_LOOP_ANALYSIS = YES;
				CLANG_WARN_STRICT_PROTOTYPES = YES;
				CLANG_WARN_SUSPICIOUS_MOVE = YES;
				CLANG_WARN_UNGUARDED_AVAILABILITY = YES_AGGRESSIVE;
				CLANG_WARN_UNREACHABLE_CODE = YES;
				CLANG_WARN__DUPLICATE_METHOD_MATCH = YES;
				CODE_SIGN_IDENTITY = "iPhone Developer";
				COPY_PHASE_STRIP = NO;
				DEBUG_INFORMATION_FORMAT = "dwarf-with-dsym";
				ENABLE_NS_ASSERTIONS = NO;
				ENABLE_STRICT_OBJC_MSGSEND = YES;
				GCC_C_LANGUAGE_STANDARD = gnu11;
				GCC_NO_COMMON_BLOCKS = YES;
				GCC_WARN_64_TO_32_BIT_CONVERSION = YES;
				GCC_WARN_ABOUT_RETURN_TYPE = YES_ERROR;
				GCC_WARN_UNDECLARED_SELECTOR = YES;
				GCC_WARN_UNINITIALIZED_AUTOS = YES_AGGRESSIVE;
				GCC_WARN_UNUSED_FUNCTION = YES;
				GCC_WARN_UNUSED_VARIABLE = YES;
				IPHONEOS_DEPLOYMENT_TARGET = 11.3;
				MTL_ENABLE_DEBUG_INFO = NO;
				SDKROOT = iphoneos;
				SWIFT_COMPILATION_MODE = wholemodule;
				SWIFT_OPTIMIZATION_LEVEL = "-O";
				VALIDATE_PRODUCT = YES;
			};
			name = Release;
		};
		3761ED1820AD98CB009F86C9 /* Debug */ = {
			isa = XCBuildConfiguration;
			buildSettings = {
				ASSETCATALOG_COMPILER_APPICON_NAME = AppIcon;
				CODE_SIGN_STYLE = Automatic;
				DEVELOPMENT_TEAM = Q9ND38V22J;
				INFOPLIST_FILE = "Le Baluchon/Info.plist";
				IPHONEOS_DEPLOYMENT_TARGET = 11.0;
				LD_RUNPATH_SEARCH_PATHS = (
					"$(inherited)",
					"@executable_path/Frameworks",
				);
				PRODUCT_BUNDLE_IDENTIFIER = "com.nicolasjaved.Le-Baluchon";
				PRODUCT_NAME = "$(TARGET_NAME)";
				SWIFT_VERSION = 4.0;
				TARGETED_DEVICE_FAMILY = "1,2";
			};
			name = Debug;
		};
		3761ED1920AD98CB009F86C9 /* Release */ = {
			isa = XCBuildConfiguration;
			buildSettings = {
				ASSETCATALOG_COMPILER_APPICON_NAME = AppIcon;
				CODE_SIGN_STYLE = Automatic;
				DEVELOPMENT_TEAM = Q9ND38V22J;
				INFOPLIST_FILE = "Le Baluchon/Info.plist";
				IPHONEOS_DEPLOYMENT_TARGET = 11.0;
				LD_RUNPATH_SEARCH_PATHS = (
					"$(inherited)",
					"@executable_path/Frameworks",
				);
				PRODUCT_BUNDLE_IDENTIFIER = "com.nicolasjaved.Le-Baluchon";
				PRODUCT_NAME = "$(TARGET_NAME)";
				SWIFT_VERSION = 4.0;
				TARGETED_DEVICE_FAMILY = "1,2";
			};
			name = Release;
		};
		3761ED1B20AD98CB009F86C9 /* Debug */ = {
			isa = XCBuildConfiguration;
			buildSettings = {
				ALWAYS_EMBED_SWIFT_STANDARD_LIBRARIES = YES;
				BUNDLE_LOADER = "$(TEST_HOST)";
				CLANG_ENABLE_MODULES = YES;
				CODE_SIGN_STYLE = Automatic;
				DEVELOPMENT_TEAM = Q9ND38V22J;
				INFOPLIST_FILE = "Le BaluchonTests/Info.plist";
				LD_RUNPATH_SEARCH_PATHS = (
					"$(inherited)",
					"@executable_path/Frameworks",
					"@loader_path/Frameworks",
				);
				PRODUCT_BUNDLE_IDENTIFIER = "com.nicolasjaved.Le-BaluchonTests";
				PRODUCT_NAME = "$(TARGET_NAME)";
				SWIFT_OPTIMIZATION_LEVEL = "-Onone";
				SWIFT_VERSION = 4.0;
				TARGETED_DEVICE_FAMILY = "1,2";
				TEST_HOST = "$(BUILT_PRODUCTS_DIR)/Le Baluchon.app/Le Baluchon";
			};
			name = Debug;
		};
		3761ED1C20AD98CB009F86C9 /* Release */ = {
			isa = XCBuildConfiguration;
			buildSettings = {
				ALWAYS_EMBED_SWIFT_STANDARD_LIBRARIES = YES;
				BUNDLE_LOADER = "$(TEST_HOST)";
				CLANG_ENABLE_MODULES = YES;
				CODE_SIGN_STYLE = Automatic;
				DEVELOPMENT_TEAM = Q9ND38V22J;
				INFOPLIST_FILE = "Le BaluchonTests/Info.plist";
				LD_RUNPATH_SEARCH_PATHS = (
					"$(inherited)",
					"@executable_path/Frameworks",
					"@loader_path/Frameworks",
				);
				PRODUCT_BUNDLE_IDENTIFIER = "com.nicolasjaved.Le-BaluchonTests";
				PRODUCT_NAME = "$(TARGET_NAME)";
				SWIFT_VERSION = 4.0;
				TARGETED_DEVICE_FAMILY = "1,2";
				TEST_HOST = "$(BUILT_PRODUCTS_DIR)/Le Baluchon.app/Le Baluchon";
			};
			name = Release;
		};
/* End XCBuildConfiguration section */

/* Begin XCConfigurationList section */
		3761ECF520AD98CA009F86C9 /* Build configuration list for PBXProject "Le Baluchon" */ = {
			isa = XCConfigurationList;
			buildConfigurations = (
				3761ED1520AD98CB009F86C9 /* Debug */,
				3761ED1620AD98CB009F86C9 /* Release */,
			);
			defaultConfigurationIsVisible = 0;
			defaultConfigurationName = Release;
		};
		3761ED1720AD98CB009F86C9 /* Build configuration list for PBXNativeTarget "Le Baluchon" */ = {
			isa = XCConfigurationList;
			buildConfigurations = (
				3761ED1820AD98CB009F86C9 /* Debug */,
				3761ED1920AD98CB009F86C9 /* Release */,
			);
			defaultConfigurationIsVisible = 0;
			defaultConfigurationName = Release;
		};
		3761ED1A20AD98CB009F86C9 /* Build configuration list for PBXNativeTarget "Le BaluchonTests" */ = {
			isa = XCConfigurationList;
			buildConfigurations = (
				3761ED1B20AD98CB009F86C9 /* Debug */,
				3761ED1C20AD98CB009F86C9 /* Release */,
			);
			defaultConfigurationIsVisible = 0;
			defaultConfigurationName = Release;
		};
/* End XCConfigurationList section */
	};
	rootObject = 3761ECF220AD98CA009F86C9 /* Project object */;
}
